// !$*UTF8*$!
{
	archiveVersion = 1;
	classes = {
	};
	objectVersion = 50;
	objects = {

/* Begin PBXBuildFile section */
		63999A3B2289BE630015FB33 /* AppDelegate.swift in Sources */ = {isa = PBXBuildFile; fileRef = 63999A3A2289BE630015FB33 /* AppDelegate.swift */; };
		63999A402289BE630015FB33 /* Splash.storyboard in Resources */ = {isa = PBXBuildFile; fileRef = 63999A3E2289BE630015FB33 /* Splash.storyboard */; };
		63999A422289BE640015FB33 /* Assets.xcassets in Resources */ = {isa = PBXBuildFile; fileRef = 63999A412289BE640015FB33 /* Assets.xcassets */; };
		63999A452289BE640015FB33 /* LaunchScreen.storyboard in Resources */ = {isa = PBXBuildFile; fileRef = 63999A432289BE640015FB33 /* LaunchScreen.storyboard */; };
		63999A502289BE640015FB33 /* CoordinatorDemoTests.swift in Sources */ = {isa = PBXBuildFile; fileRef = 63999A4F2289BE640015FB33 /* CoordinatorDemoTests.swift */; };
		63999A5B2289BF070015FB33 /* SplashViewController.swift in Sources */ = {isa = PBXBuildFile; fileRef = 63999A5A2289BF070015FB33 /* SplashViewController.swift */; };
		63999A5D2289BF490015FB33 /* Main.storyboard in Resources */ = {isa = PBXBuildFile; fileRef = 63999A5C2289BF490015FB33 /* Main.storyboard */; };
		63999A5F2289C1BA0015FB33 /* Settings.storyboard in Resources */ = {isa = PBXBuildFile; fileRef = 63999A5E2289C1BA0015FB33 /* Settings.storyboard */; };
		63999A622289C74B0015FB33 /* MovieListViewController.swift in Sources */ = {isa = PBXBuildFile; fileRef = 63999A612289C74B0015FB33 /* MovieListViewController.swift */; };
		63999A642289C7690015FB33 /* MovieViewController.swift in Sources */ = {isa = PBXBuildFile; fileRef = 63999A632289C7690015FB33 /* MovieViewController.swift */; };
		63999A662289C77C0015FB33 /* FavoritesViewController.swift in Sources */ = {isa = PBXBuildFile; fileRef = 63999A652289C77C0015FB33 /* FavoritesViewController.swift */; };
		63999A682289C7970015FB33 /* SettingsViewController.swift in Sources */ = {isa = PBXBuildFile; fileRef = 63999A672289C7970015FB33 /* SettingsViewController.swift */; };
		63CA15492289D908000FA9B4 /* Coordinator.swift in Sources */ = {isa = PBXBuildFile; fileRef = 63CA15482289D908000FA9B4 /* Coordinator.swift */; };
		63CA154D2289E9EF000FA9B4 /* UIStoryboard+Utils.swift in Sources */ = {isa = PBXBuildFile; fileRef = 63CA154C2289E9EF000FA9B4 /* UIStoryboard+Utils.swift */; };
		63CA154F2289EB7A000FA9B4 /* Storyboarded.swift in Sources */ = {isa = PBXBuildFile; fileRef = 63CA154E2289EB7A000FA9B4 /* Storyboarded.swift */; };
		63CA1558228B4842000FA9B4 /* MovieNavigationCoordinator.swift in Sources */ = {isa = PBXBuildFile; fileRef = 63CA1557228B4842000FA9B4 /* MovieNavigationCoordinator.swift */; };
		63CA155A228B4854000FA9B4 /* FavoritesNavigationCoordinator.swift in Sources */ = {isa = PBXBuildFile; fileRef = 63CA1559228B4854000FA9B4 /* FavoritesNavigationCoordinator.swift */; };
		63CA155C228B485E000FA9B4 /* SettingsNavigationCoordinator.swift in Sources */ = {isa = PBXBuildFile; fileRef = 63CA155B228B485E000FA9B4 /* SettingsNavigationCoordinator.swift */; };
		63CA155E228B486D000FA9B4 /* MainTabCoordinator.swift in Sources */ = {isa = PBXBuildFile; fileRef = 63CA155D228B486D000FA9B4 /* MainTabCoordinator.swift */; };
		63CA1560228B4879000FA9B4 /* MainAppCoordinator.swift in Sources */ = {isa = PBXBuildFile; fileRef = 63CA155F228B4879000FA9B4 /* MainAppCoordinator.swift */; };
		63CA1562228B48D9000FA9B4 /* NavigationCoordinator+Extensions.swift in Sources */ = {isa = PBXBuildFile; fileRef = 63CA1561228B48D9000FA9B4 /* NavigationCoordinator+Extensions.swift */; };
/* End PBXBuildFile section */

/* Begin PBXContainerItemProxy section */
		63999A4C2289BE640015FB33 /* PBXContainerItemProxy */ = {
			isa = PBXContainerItemProxy;
			containerPortal = 63999A2F2289BE630015FB33 /* Project object */;
			proxyType = 1;
			remoteGlobalIDString = 63999A362289BE630015FB33;
			remoteInfo = CoordinatorDemo;
		};
/* End PBXContainerItemProxy section */

/* Begin PBXFileReference section */
		63999A372289BE630015FB33 /* CoordinatorDemo.app */ = {isa = PBXFileReference; explicitFileType = wrapper.application; includeInIndex = 0; path = CoordinatorDemo.app; sourceTree = BUILT_PRODUCTS_DIR; };
		63999A3A2289BE630015FB33 /* AppDelegate.swift */ = {isa = PBXFileReference; lastKnownFileType = sourcecode.swift; path = AppDelegate.swift; sourceTree = "<group>"; };
		63999A3F2289BE630015FB33 /* Base */ = {isa = PBXFileReference; lastKnownFileType = file.storyboard; name = Base; path = Base.lproj/Splash.storyboard; sourceTree = "<group>"; };
		63999A412289BE640015FB33 /* Assets.xcassets */ = {isa = PBXFileReference; lastKnownFileType = folder.assetcatalog; path = Assets.xcassets; sourceTree = "<group>"; };
		63999A442289BE640015FB33 /* Base */ = {isa = PBXFileReference; lastKnownFileType = file.storyboard; name = Base; path = Base.lproj/LaunchScreen.storyboard; sourceTree = "<group>"; };
		63999A462289BE640015FB33 /* Info.plist */ = {isa = PBXFileReference; lastKnownFileType = text.plist.xml; path = Info.plist; sourceTree = "<group>"; };
		63999A4B2289BE640015FB33 /* CoordinatorDemoTests.xctest */ = {isa = PBXFileReference; explicitFileType = wrapper.cfbundle; includeInIndex = 0; path = CoordinatorDemoTests.xctest; sourceTree = BUILT_PRODUCTS_DIR; };
		63999A4F2289BE640015FB33 /* CoordinatorDemoTests.swift */ = {isa = PBXFileReference; lastKnownFileType = sourcecode.swift; path = CoordinatorDemoTests.swift; sourceTree = "<group>"; };
		63999A512289BE640015FB33 /* Info.plist */ = {isa = PBXFileReference; lastKnownFileType = text.plist.xml; path = Info.plist; sourceTree = "<group>"; };
		63999A5A2289BF070015FB33 /* SplashViewController.swift */ = {isa = PBXFileReference; lastKnownFileType = sourcecode.swift; path = SplashViewController.swift; sourceTree = "<group>"; };
		63999A5C2289BF490015FB33 /* Main.storyboard */ = {isa = PBXFileReference; lastKnownFileType = file.storyboard; path = Main.storyboard; sourceTree = "<group>"; };
		63999A5E2289C1BA0015FB33 /* Settings.storyboard */ = {isa = PBXFileReference; lastKnownFileType = file.storyboard; path = Settings.storyboard; sourceTree = "<group>"; };
		63999A612289C74B0015FB33 /* MovieListViewController.swift */ = {isa = PBXFileReference; lastKnownFileType = sourcecode.swift; path = MovieListViewController.swift; sourceTree = "<group>"; };
		63999A632289C7690015FB33 /* MovieViewController.swift */ = {isa = PBXFileReference; lastKnownFileType = sourcecode.swift; path = MovieViewController.swift; sourceTree = "<group>"; };
		63999A652289C77C0015FB33 /* FavoritesViewController.swift */ = {isa = PBXFileReference; lastKnownFileType = sourcecode.swift; path = FavoritesViewController.swift; sourceTree = "<group>"; };
		63999A672289C7970015FB33 /* SettingsViewController.swift */ = {isa = PBXFileReference; lastKnownFileType = sourcecode.swift; path = SettingsViewController.swift; sourceTree = "<group>"; };
		63CA15482289D908000FA9B4 /* Coordinator.swift */ = {isa = PBXFileReference; lastKnownFileType = sourcecode.swift; path = Coordinator.swift; sourceTree = "<group>"; };
		63CA154C2289E9EF000FA9B4 /* UIStoryboard+Utils.swift */ = {isa = PBXFileReference; lastKnownFileType = sourcecode.swift; path = "UIStoryboard+Utils.swift"; sourceTree = "<group>"; };
		63CA154E2289EB7A000FA9B4 /* Storyboarded.swift */ = {isa = PBXFileReference; lastKnownFileType = sourcecode.swift; path = Storyboarded.swift; sourceTree = "<group>"; };
		63CA1557228B4842000FA9B4 /* MovieNavigationCoordinator.swift */ = {isa = PBXFileReference; lastKnownFileType = sourcecode.swift; path = MovieNavigationCoordinator.swift; sourceTree = "<group>"; };
		63CA1559228B4854000FA9B4 /* FavoritesNavigationCoordinator.swift */ = {isa = PBXFileReference; lastKnownFileType = sourcecode.swift; path = FavoritesNavigationCoordinator.swift; sourceTree = "<group>"; };
		63CA155B228B485E000FA9B4 /* SettingsNavigationCoordinator.swift */ = {isa = PBXFileReference; lastKnownFileType = sourcecode.swift; path = SettingsNavigationCoordinator.swift; sourceTree = "<group>"; };
		63CA155D228B486D000FA9B4 /* MainTabCoordinator.swift */ = {isa = PBXFileReference; lastKnownFileType = sourcecode.swift; path = MainTabCoordinator.swift; sourceTree = "<group>"; };
		63CA155F228B4879000FA9B4 /* MainAppCoordinator.swift */ = {isa = PBXFileReference; lastKnownFileType = sourcecode.swift; path = MainAppCoordinator.swift; sourceTree = "<group>"; };
		63CA1561228B48D9000FA9B4 /* NavigationCoordinator+Extensions.swift */ = {isa = PBXFileReference; lastKnownFileType = sourcecode.swift; path = "NavigationCoordinator+Extensions.swift"; sourceTree = "<group>"; };
/* End PBXFileReference section */

/* Begin PBXFrameworksBuildPhase section */
		63999A342289BE630015FB33 /* Frameworks */ = {
			isa = PBXFrameworksBuildPhase;
			buildActionMask = 2147483647;
			files = (
			);
			runOnlyForDeploymentPostprocessing = 0;
		};
		63999A482289BE640015FB33 /* Frameworks */ = {
			isa = PBXFrameworksBuildPhase;
			buildActionMask = 2147483647;
			files = (
			);
			runOnlyForDeploymentPostprocessing = 0;
		};
/* End PBXFrameworksBuildPhase section */

/* Begin PBXGroup section */
		63999A2E2289BE630015FB33 = {
			isa = PBXGroup;
			children = (
				63999A392289BE630015FB33 /* CoordinatorDemo */,
				63999A4E2289BE640015FB33 /* CoordinatorDemoTests */,
				63999A382289BE630015FB33 /* Products */,
			);
			sourceTree = "<group>";
		};
		63999A382289BE630015FB33 /* Products */ = {
			isa = PBXGroup;
			children = (
				63999A372289BE630015FB33 /* CoordinatorDemo.app */,
				63999A4B2289BE640015FB33 /* CoordinatorDemoTests.xctest */,
			);
			name = Products;
			sourceTree = "<group>";
		};
		63999A392289BE630015FB33 /* CoordinatorDemo */ = {
			isa = PBXGroup;
			children = (
				63999A3A2289BE630015FB33 /* AppDelegate.swift */,
				63CA1556228B4832000FA9B4 /* Coordinators */,
				63CA1563228B4902000FA9B4 /* Utils */,
				63999A602289C7320015FB33 /* View Controllers */,
				63999A3E2289BE630015FB33 /* Splash.storyboard */,
				63999A5C2289BF490015FB33 /* Main.storyboard */,
				63999A5E2289C1BA0015FB33 /* Settings.storyboard */,
				63999A412289BE640015FB33 /* Assets.xcassets */,
				63999A432289BE640015FB33 /* LaunchScreen.storyboard */,
				63999A462289BE640015FB33 /* Info.plist */,
			);
			path = CoordinatorDemo;
			sourceTree = "<group>";
		};
		63999A4E2289BE640015FB33 /* CoordinatorDemoTests */ = {
			isa = PBXGroup;
			children = (
				63999A4F2289BE640015FB33 /* CoordinatorDemoTests.swift */,
				63999A512289BE640015FB33 /* Info.plist */,
			);
			path = CoordinatorDemoTests;
			sourceTree = "<group>";
		};
		63999A602289C7320015FB33 /* View Controllers */ = {
			isa = PBXGroup;
			children = (
				63999A5A2289BF070015FB33 /* SplashViewController.swift */,
				63999A612289C74B0015FB33 /* MovieListViewController.swift */,
				63999A632289C7690015FB33 /* MovieViewController.swift */,
				63999A652289C77C0015FB33 /* FavoritesViewController.swift */,
				63999A672289C7970015FB33 /* SettingsViewController.swift */,
			);
			path = "View Controllers";
			sourceTree = "<group>";
		};
		63CA1556228B4832000FA9B4 /* Coordinators */ = {
			isa = PBXGroup;
			children = (
				63CA15482289D908000FA9B4 /* Coordinator.swift */,
				63CA1561228B48D9000FA9B4 /* NavigationCoordinator+Extensions.swift */,
				63CA1557228B4842000FA9B4 /* MovieNavigationCoordinator.swift */,
				63CA1559228B4854000FA9B4 /* FavoritesNavigationCoordinator.swift */,
				63CA155B228B485E000FA9B4 /* SettingsNavigationCoordinator.swift */,
				63CA155D228B486D000FA9B4 /* MainTabCoordinator.swift */,
				63CA155F228B4879000FA9B4 /* MainAppCoordinator.swift */,
			);
			path = Coordinators;
			sourceTree = "<group>";
		};
		63CA1563228B4902000FA9B4 /* Utils */ = {
			isa = PBXGroup;
			children = (
				63CA154E2289EB7A000FA9B4 /* Storyboarded.swift */,
				63CA154C2289E9EF000FA9B4 /* UIStoryboard+Utils.swift */,
			);
			path = Utils;
			sourceTree = "<group>";
		};
/* End PBXGroup section */

/* Begin PBXNativeTarget section */
		63999A362289BE630015FB33 /* CoordinatorDemo */ = {
			isa = PBXNativeTarget;
			buildConfigurationList = 63999A542289BE640015FB33 /* Build configuration list for PBXNativeTarget "CoordinatorDemo" */;
			buildPhases = (
				63999A332289BE630015FB33 /* Sources */,
				63999A342289BE630015FB33 /* Frameworks */,
				63999A352289BE630015FB33 /* Resources */,
			);
			buildRules = (
			);
			dependencies = (
			);
			name = CoordinatorDemo;
			productName = CoordinatorDemo;
			productReference = 63999A372289BE630015FB33 /* CoordinatorDemo.app */;
			productType = "com.apple.product-type.application";
		};
		63999A4A2289BE640015FB33 /* CoordinatorDemoTests */ = {
			isa = PBXNativeTarget;
			buildConfigurationList = 63999A572289BE640015FB33 /* Build configuration list for PBXNativeTarget "CoordinatorDemoTests" */;
			buildPhases = (
				63999A472289BE640015FB33 /* Sources */,
				63999A482289BE640015FB33 /* Frameworks */,
				63999A492289BE640015FB33 /* Resources */,
			);
			buildRules = (
			);
			dependencies = (
				63999A4D2289BE640015FB33 /* PBXTargetDependency */,
			);
			name = CoordinatorDemoTests;
			productName = CoordinatorDemoTests;
			productReference = 63999A4B2289BE640015FB33 /* CoordinatorDemoTests.xctest */;
			productType = "com.apple.product-type.bundle.unit-test";
		};
/* End PBXNativeTarget section */

/* Begin PBXProject section */
		63999A2F2289BE630015FB33 /* Project object */ = {
			isa = PBXProject;
			attributes = {
				LastSwiftUpdateCheck = 1010;
				LastUpgradeCheck = 1010;
				ORGANIZATIONNAME = "David Yang";
				TargetAttributes = {
					63999A362289BE630015FB33 = {
						CreatedOnToolsVersion = 10.1;
					};
					63999A4A2289BE640015FB33 = {
						CreatedOnToolsVersion = 10.1;
						TestTargetID = 63999A362289BE630015FB33;
					};
				};
			};
			buildConfigurationList = 63999A322289BE630015FB33 /* Build configuration list for PBXProject "CoordinatorDemo" */;
			compatibilityVersion = "Xcode 9.3";
			developmentRegion = en;
			hasScannedForEncodings = 0;
			knownRegions = (
				en,
				Base,
			);
			mainGroup = 63999A2E2289BE630015FB33;
			productRefGroup = 63999A382289BE630015FB33 /* Products */;
			projectDirPath = "";
			projectRoot = "";
			targets = (
				63999A362289BE630015FB33 /* CoordinatorDemo */,
				63999A4A2289BE640015FB33 /* CoordinatorDemoTests */,
			);
		};
/* End PBXProject section */

/* Begin PBXResourcesBuildPhase section */
		63999A352289BE630015FB33 /* Resources */ = {
			isa = PBXResourcesBuildPhase;
			buildActionMask = 2147483647;
			files = (
				63999A452289BE640015FB33 /* LaunchScreen.storyboard in Resources */,
				63999A422289BE640015FB33 /* Assets.xcassets in Resources */,
				63999A402289BE630015FB33 /* Splash.storyboard in Resources */,
				63999A5D2289BF490015FB33 /* Main.storyboard in Resources */,
				63999A5F2289C1BA0015FB33 /* Settings.storyboard in Resources */,
			);
			runOnlyForDeploymentPostprocessing = 0;
		};
		63999A492289BE640015FB33 /* Resources */ = {
			isa = PBXResourcesBuildPhase;
			buildActionMask = 2147483647;
			files = (
			);
			runOnlyForDeploymentPostprocessing = 0;
		};
/* End PBXResourcesBuildPhase section */

/* Begin PBXSourcesBuildPhase section */
		63999A332289BE630015FB33 /* Sources */ = {
			isa = PBXSourcesBuildPhase;
			buildActionMask = 2147483647;
			files = (
				63CA1562228B48D9000FA9B4 /* NavigationCoordinator+Extensions.swift in Sources */,
				63999A622289C74B0015FB33 /* MovieListViewController.swift in Sources */,
				63CA154D2289E9EF000FA9B4 /* UIStoryboard+Utils.swift in Sources */,
				63CA155E228B486D000FA9B4 /* MainTabCoordinator.swift in Sources */,
				63CA1558228B4842000FA9B4 /* MovieNavigationCoordinator.swift in Sources */,
				63999A3B2289BE630015FB33 /* AppDelegate.swift in Sources */,
				63999A5B2289BF070015FB33 /* SplashViewController.swift in Sources */,
				63CA155C228B485E000FA9B4 /* SettingsNavigationCoordinator.swift in Sources */,
				63999A662289C77C0015FB33 /* FavoritesViewController.swift in Sources */,
				63999A642289C7690015FB33 /* MovieViewController.swift in Sources */,
				63CA154F2289EB7A000FA9B4 /* Storyboarded.swift in Sources */,
				63999A682289C7970015FB33 /* SettingsViewController.swift in Sources */,
				63CA155A228B4854000FA9B4 /* FavoritesNavigationCoordinator.swift in Sources */,
				63CA1560228B4879000FA9B4 /* MainAppCoordinator.swift in Sources */,
				63CA15492289D908000FA9B4 /* Coordinator.swift in Sources */,
			);
			runOnlyForDeploymentPostprocessing = 0;
		};
		63999A472289BE640015FB33 /* Sources */ = {
			isa = PBXSourcesBuildPhase;
			buildActionMask = 2147483647;
			files = (
				63999A502289BE640015FB33 /* CoordinatorDemoTests.swift in Sources */,
			);
			runOnlyForDeploymentPostprocessing = 0;
		};
/* End PBXSourcesBuildPhase section */

/* Begin PBXTargetDependency section */
		63999A4D2289BE640015FB33 /* PBXTargetDependency */ = {
			isa = PBXTargetDependency;
			target = 63999A362289BE630015FB33 /* CoordinatorDemo */;
			targetProxy = 63999A4C2289BE640015FB33 /* PBXContainerItemProxy */;
		};
/* End PBXTargetDependency section */

/* Begin PBXVariantGroup section */
		63999A3E2289BE630015FB33 /* Splash.storyboard */ = {
			isa = PBXVariantGroup;
			children = (
				63999A3F2289BE630015FB33 /* Base */,
			);
			name = Splash.storyboard;
			sourceTree = "<group>";
		};
		63999A432289BE640015FB33 /* LaunchScreen.storyboard */ = {
			isa = PBXVariantGroup;
			children = (
				63999A442289BE640015FB33 /* Base */,
			);
			name = LaunchScreen.storyboard;
			sourceTree = "<group>";
		};
/* End PBXVariantGroup section */

/* Begin XCBuildConfiguration section */
		63999A522289BE640015FB33 /* Debug */ = {
			isa = XCBuildConfiguration;
			buildSettings = {
				ALWAYS_SEARCH_USER_PATHS = NO;
				CLANG_ANALYZER_NONNULL = YES;
				CLANG_ANALYZER_NUMBER_OBJECT_CONVERSION = YES_AGGRESSIVE;
				CLANG_CXX_LANGUAGE_STANDARD = "gnu++14";
				CLANG_CXX_LIBRARY = "libc++";
				CLANG_ENABLE_MODULES = YES;
				CLANG_ENABLE_OBJC_ARC = YES;
				CLANG_ENABLE_OBJC_WEAK = YES;
				CLANG_WARN_BLOCK_CAPTURE_AUTORELEASING = YES;
				CLANG_WARN_BOOL_CONVERSION = YES;
				CLANG_WARN_COMMA = YES;
				CLANG_WARN_CONSTANT_CONVERSION = YES;
				CLANG_WARN_DEPRECATED_OBJC_IMPLEMENTATIONS = YES;
				CLANG_WARN_DIRECT_OBJC_ISA_USAGE = YES_ERROR;
				CLANG_WARN_DOCUMENTATION_COMMENTS = YES;
				CLANG_WARN_EMPTY_BODY = YES;
				CLANG_WARN_ENUM_CONVERSION = YES;
				CLANG_WARN_INFINITE_RECURSION = YES;
				CLANG_WARN_INT_CONVERSION = YES;
				CLANG_WARN_NON_LITERAL_NULL_CONVERSION = YES;
				CLANG_WARN_OBJC_IMPLICIT_RETAIN_SELF = YES;
				CLANG_WARN_OBJC_LITERAL_CONVERSION = YES;
				CLANG_WARN_OBJC_ROOT_CLASS = YES_ERROR;
				CLANG_WARN_RANGE_LOOP_ANALYSIS = YES;
				CLANG_WARN_STRICT_PROTOTYPES = YES;
				CLANG_WARN_SUSPICIOUS_MOVE = YES;
				CLANG_WARN_UNGUARDED_AVAILABILITY = YES_AGGRESSIVE;
				CLANG_WARN_UNREACHABLE_CODE = YES;
				CLANG_WARN__DUPLICATE_METHOD_MATCH = YES;
				CODE_SIGN_IDENTITY = "iPhone Developer";
				COPY_PHASE_STRIP = NO;
				DEBUG_INFORMATION_FORMAT = dwarf;
				ENABLE_STRICT_OBJC_MSGSEND = YES;
				ENABLE_TESTABILITY = YES;
				GCC_C_LANGUAGE_STANDARD = gnu11;
				GCC_DYNAMIC_NO_PIC = NO;
				GCC_NO_COMMON_BLOCKS = YES;
				GCC_OPTIMIZATION_LEVEL = 0;
				GCC_PREPROCESSOR_DEFINITIONS = (
					"DEBUG=1",
					"$(inherited)",
				);
				GCC_WARN_64_TO_32_BIT_CONVERSION = YES;
				GCC_WARN_ABOUT_RETURN_TYPE = YES_ERROR;
				GCC_WARN_UNDECLARED_SELECTOR = YES;
				GCC_WARN_UNINITIALIZED_AUTOS = YES_AGGRESSIVE;
				GCC_WARN_UNUSED_FUNCTION = YES;
				GCC_WARN_UNUSED_VARIABLE = YES;
				IPHONEOS_DEPLOYMENT_TARGET = 12.1;
				MTL_ENABLE_DEBUG_INFO = INCLUDE_SOURCE;
				MTL_FAST_MATH = YES;
				ONLY_ACTIVE_ARCH = YES;
				SDKROOT = iphoneos;
				SWIFT_ACTIVE_COMPILATION_CONDITIONS = DEBUG;
				SWIFT_OPTIMIZATION_LEVEL = "-Onone";
			};
			name = Debug;
		};
		63999A532289BE640015FB33 /* Release */ = {
			isa = XCBuildConfiguration;
			buildSettings = {
				ALWAYS_SEARCH_USER_PATHS = NO;
				CLANG_ANALYZER_NONNULL = YES;
				CLANG_ANALYZER_NUMBER_OBJECT_CONVERSION = YES_AGGRESSIVE;
				CLANG_CXX_LANGUAGE_STANDARD = "gnu++14";
				CLANG_CXX_LIBRARY = "libc++";
				CLANG_ENABLE_MODULES = YES;
				CLANG_ENABLE_OBJC_ARC = YES;
				CLANG_ENABLE_OBJC_WEAK = YES;
				CLANG_WARN_BLOCK_CAPTURE_AUTORELEASING = YES;
				CLANG_WARN_BOOL_CONVERSION = YES;
				CLANG_WARN_COMMA = YES;
				CLANG_WARN_CONSTANT_CONVERSION = YES;
				CLANG_WARN_DEPRECATED_OBJC_IMPLEMENTATIONS = YES;
				CLANG_WARN_DIRECT_OBJC_ISA_USAGE = YES_ERROR;
				CLANG_WARN_DOCUMENTATION_COMMENTS = YES;
				CLANG_WARN_EMPTY_BODY = YES;
				CLANG_WARN_ENUM_CONVERSION = YES;
				CLANG_WARN_INFINITE_RECURSION = YES;
				CLANG_WARN_INT_CONVERSION = YES;
				CLANG_WARN_NON_LITERAL_NULL_CONVERSION = YES;
				CLANG_WARN_OBJC_IMPLICIT_RETAIN_SELF = YES;
				CLANG_WARN_OBJC_LITERAL_CONVERSION = YES;
				CLANG_WARN_OBJC_ROOT_CLASS = YES_ERROR;
				CLANG_WARN_RANGE_LOOP_ANALYSIS = YES;
				CLANG_WARN_STRICT_PROTOTYPES = YES;
				CLANG_WARN_SUSPICIOUS_MOVE = YES;
				CLANG_WARN_UNGUARDED_AVAILABILITY = YES_AGGRESSIVE;
				CLANG_WARN_UNREACHABLE_CODE = YES;
				CLANG_WARN__DUPLICATE_METHOD_MATCH = YES;
				CODE_SIGN_IDENTITY = "iPhone Developer";
				COPY_PHASE_STRIP = NO;
				DEBUG_INFORMATION_FORMAT = "dwarf-with-dsym";
				ENABLE_NS_ASSERTIONS = NO;
				ENABLE_STRICT_OBJC_MSGSEND = YES;
				GCC_C_LANGUAGE_STANDARD = gnu11;
				GCC_NO_COMMON_BLOCKS = YES;
				GCC_WARN_64_TO_32_BIT_CONVERSION = YES;
				GCC_WARN_ABOUT_RETURN_TYPE = YES_ERROR;
				GCC_WARN_UNDECLARED_SELECTOR = YES;
				GCC_WARN_UNINITIALIZED_AUTOS = YES_AGGRESSIVE;
				GCC_WARN_UNUSED_FUNCTION = YES;
				GCC_WARN_UNUSED_VARIABLE = YES;
				IPHONEOS_DEPLOYMENT_TARGET = 12.1;
				MTL_ENABLE_DEBUG_INFO = NO;
				MTL_FAST_MATH = YES;
				SDKROOT = iphoneos;
				SWIFT_COMPILATION_MODE = wholemodule;
				SWIFT_OPTIMIZATION_LEVEL = "-O";
				VALIDATE_PRODUCT = YES;
			};
			name = Release;
		};
		63999A552289BE640015FB33 /* Debug */ = {
			isa = XCBuildConfiguration;
			buildSettings = {
				ASSETCATALOG_COMPILER_APPICON_NAME = AppIcon;
				CODE_SIGN_STYLE = Automatic;
				DEVELOPMENT_TEAM = H3J4BA637A;
				INFOPLIST_FILE = CoordinatorDemo/Info.plist;
				LD_RUNPATH_SEARCH_PATHS = (
					"$(inherited)",
					"@executable_path/Frameworks",
				);
				PRODUCT_BUNDLE_IDENTIFIER = com.davidy4ng.CoordinatorDemo;
				PRODUCT_NAME = "$(TARGET_NAME)";
				SWIFT_VERSION = 4.2;
				TARGETED_DEVICE_FAMILY = "1,2";
			};
			name = Debug;
		};
		63999A562289BE640015FB33 /* Release */ = {
			isa = XCBuildConfiguration;
			buildSettings = {
				ASSETCATALOG_COMPILER_APPICON_NAME = AppIcon;
				CODE_SIGN_STYLE = Automatic;
				DEVELOPMENT_TEAM = H3J4BA637A;
				INFOPLIST_FILE = CoordinatorDemo/Info.plist;
				LD_RUNPATH_SEARCH_PATHS = (
					"$(inherited)",
					"@executable_path/Frameworks",
				);
				PRODUCT_BUNDLE_IDENTIFIER = com.davidy4ng.CoordinatorDemo;
				PRODUCT_NAME = "$(TARGET_NAME)";
				SWIFT_VERSION = 4.2;
				TARGETED_DEVICE_FAMILY = "1,2";
			};
			name = Release;
		};
		63999A582289BE640015FB33 /* Debug */ = {
			isa = XCBuildConfiguration;
			buildSettings = {
				ALWAYS_EMBED_SWIFT_STANDARD_LIBRARIES = YES;
				BUNDLE_LOADER = "$(TEST_HOST)";
				CODE_SIGN_STYLE = Automatic;
				DEVELOPMENT_TEAM = H3J4BA637A;
				INFOPLIST_FILE = CoordinatorDemoTests/Info.plist;
				LD_RUNPATH_SEARCH_PATHS = (
					"$(inherited)",
					"@executable_path/Frameworks",
					"@loader_path/Frameworks",
				);
				PRODUCT_BUNDLE_IDENTIFIER = com.davidy4ng.CoordinatorDemoTests;
				PRODUCT_NAME = "$(TARGET_NAME)";
				SWIFT_VERSION = 4.2;
				TARGETED_DEVICE_FAMILY = "1,2";
				TEST_HOST = "$(BUILT_PRODUCTS_DIR)/CoordinatorDemo.app/CoordinatorDemo";
			};
			name = Debug;
		};
		63999A592289BE640015FB33 /* Release */ = {
			isa = XCBuildConfiguration;
			buildSettings = {
				ALWAYS_EMBED_SWIFT_STANDARD_LIBRARIES = YES;
				BUNDLE_LOADER = "$(TEST_HOST)";
				CODE_SIGN_STYLE = Automatic;
				DEVELOPMENT_TEAM = H3J4BA637A;
				INFOPLIST_FILE = CoordinatorDemoTests/Info.plist;
				LD_RUNPATH_SEARCH_PATHS = (
					"$(inherited)",
					"@executable_path/Frameworks",
					"@loader_path/Frameworks",
				);
				PRODUCT_BUNDLE_IDENTIFIER = com.davidy4ng.CoordinatorDemoTests;
				PRODUCT_NAME = "$(TARGET_NAME)";
				SWIFT_VERSION = 4.2;
				TARGETED_DEVICE_FAMILY = "1,2";
				TEST_HOST = "$(BUILT_PRODUCTS_DIR)/CoordinatorDemo.app/CoordinatorDemo";
			};
			name = Release;
		};
/* End XCBuildConfiguration section */

/* Begin XCConfigurationList section */
		63999A322289BE630015FB33 /* Build configuration list for PBXProject "CoordinatorDemo" */ = {
			isa = XCConfigurationList;
			buildConfigurations = (
				63999A522289BE640015FB33 /* Debug */,
				63999A532289BE640015FB33 /* Release */,
			);
			defaultConfigurationIsVisible = 0;
			defaultConfigurationName = Release;
		};
		63999A542289BE640015FB33 /* Build configuration list for PBXNativeTarget "CoordinatorDemo" */ = {
			isa = XCConfigurationList;
			buildConfigurations = (
				63999A552289BE640015FB33 /* Debug */,
				63999A562289BE640015FB33 /* Release */,
			);
			defaultConfigurationIsVisible = 0;
			defaultConfigurationName = Release;
		};
		63999A572289BE640015FB33 /* Build configuration list for PBXNativeTarget "CoordinatorDemoTests" */ = {
			isa = XCConfigurationList;
			buildConfigurations = (
				63999A582289BE640015FB33 /* Debug */,
				63999A592289BE640015FB33 /* Release */,
			);
			defaultConfigurationIsVisible = 0;
			defaultConfigurationName = Release;
		};
/* End XCConfigurationList section */
	};
	rootObject = 63999A2F2289BE630015FB33 /* Project object */;
}
